
Microsoft Visual Studio Solution File, Format Version 12.00
# Visual Studio Version 17
VisualStudioVersion = 17.13.35825.156 d17.13
MinimumVisualStudioVersion = 10.0.40219.1
Project("{8BC9CEB8-8B4A-11D0-8D11-00A0C91BC942}") = "TU_Clase_10", "TU_Clase_10\TU_Clase_10.vcxproj", "{4DAD7BD4-C35C-47D1-A1C3-23C747FF351E}"
EndProject
Global
	GlobalSection(SolutionConfigurationPlatforms) = preSolution
		Debug|x64 = Debug|x64
		Debug|x86 = Debug|x86
		Release|x64 = Release|x64
		Release|x86 = Release|x86
	EndGlobalSection
	GlobalSection(ProjectConfigurationPlatforms) = postSolution
		{4DAD7BD4-C35C-47D1-A1C3-23C747FF351E}.Debug|x64.ActiveCfg = Debug|x64
		{4DAD7BD4-C35C-47D1-A1C3-23C747FF351E}.Debug|x64.Build.0 = Debug|x64
		{4DAD7BD4-C35C-47D1-A1C3-23C747FF351E}.Debug|x86.ActiveCfg = Debug|Win32
		{4DAD7BD4-C35C-47D1-A1C3-23C747FF351E}.Debug|x86.Build.0 = Debug|Win32
		{4DAD7BD4-C35C-47D1-A1C3-23C747FF351E}.Release|x64.ActiveCfg = Release|x64
		{4DAD7BD4-C35C-47D1-A1C3-23C747FF351E}.Release|x64.Build.0 = Release|x64
		{4DAD7BD4-C35C-47D1-A1C3-23C747FF351E}.Release|x86.ActiveCfg = Release|Win32
		{4DAD7BD4-C35C-47D1-A1C3-23C747FF351E}.Release|x86.Build.0 = Release|Win32
	EndGlobalSection
	GlobalSection(SolutionProperties) = preSolution
		HideSolutionNode = FALSE
	EndGlobalSection
	GlobalSection(ExtensibilityGlobals) = postSolution
		SolutionGuid = {A6468E30-8BDF-4C9E-BE36-CAABB73E7E4E}
	EndGlobalSection
EndGlobal
